
Microsoft Visual Studio Solution File, Format Version 12.00
# Visual Studio Version 17
VisualStudioVersion = 17.4.33403.182
MinimumVisualStudioVersion = 10.0.40219.1
Project("{FAE04EC0-301F-11D3-BF4B-00C04F79EFBC}") = "StudentAdminPortal.API", "StudentAdminPortal.API\StudentAdminPortal.API.csproj", "{DEE69E00-B8C7-4A70-8100-577115B09370}"
EndProject
Global
	GlobalSection(SolutionConfigurationPlatforms) = preSolution
		Debug|Any CPU = Debug|Any CPU
		Release|Any CPU = Release|Any CPU
	EndGlobalSection
	GlobalSection(ProjectConfigurationPlatforms) = postSolution
		{DEE69E00-B8C7-4A70-8100-577115B09370}.Debug|Any CPU.ActiveCfg = Debug|Any CPU
		{DEE69E00-B8C7-4A70-8100-577115B09370}.Debug|Any CPU.Build.0 = Debug|Any CPU
		{DEE69E00-B8C7-4A70-8100-577115B09370}.Release|Any CPU.ActiveCfg = Release|Any CPU
		{DEE69E00-B8C7-4A70-8100-577115B09370}.Release|Any CPU.Build.0 = Release|Any CPU
	EndGlobalSection
	GlobalSection(SolutionProperties) = preSolution
		HideSolutionNode = FALSE
	EndGlobalSection
	GlobalSection(ExtensibilityGlobals) = postSolution
		SolutionGuid = {572CFDCA-3821-4C56-8C5E-74C9BA09D294}
	EndGlobalSection
EndGlobal
